
Microsoft Visual Studio Solution File, Format Version 11.00
# Visual Studio 2010
Project("{FAE04EC0-301F-11D3-BF4B-00C04F79EFBC}") = "ThirdPersonShooter", "Assembly-CSharp.csproj", "{A79D9CEA-E14F-AEDD-A3B5-7EAD4B2E3EFB}"
EndProject
Global
	GlobalSection(SolutionConfigurationPlatforms) = preSolution
		Debug|Any CPU = Debug|Any CPU
		Release|Any CPU = Release|Any CPU
	EndGlobalSection
	GlobalSection(ProjectConfigurationPlatforms) = postSolution
		{A79D9CEA-E14F-AEDD-A3B5-7EAD4B2E3EFB}.Debug|Any CPU.ActiveCfg = Debug|Any CPU
		{A79D9CEA-E14F-AEDD-A3B5-7EAD4B2E3EFB}.Debug|Any CPU.Build.0 = Debug|Any CPU
		{A79D9CEA-E14F-AEDD-A3B5-7EAD4B2E3EFB}.Release|Any CPU.ActiveCfg = Release|Any CPU
		{A79D9CEA-E14F-AEDD-A3B5-7EAD4B2E3EFB}.Release|Any CPU.Build.0 = Release|Any CPU
	EndGlobalSection
	GlobalSection(SolutionProperties) = preSolution
		HideSolutionNode = FALSE
	EndGlobalSection
	GlobalSection(MonoDevelopProperties) = preSolution
		StartupItem = Assembly-CSharp.csproj
	EndGlobalSection
EndGlobal
